
Microsoft Visual Studio Solution File, Format Version 12.00
# Visual Studio 16
Project("{FAE04EC0-301F-11D3-BF4B-00C04F79EFBC}") = "Assembly-CSharp", "Assembly-CSharp.csproj", "{CC9EF8B9-311F-0EFD-757E-6D83C1DF4970}"
EndProject
Global
	GlobalSection(SolutionConfigurationPlatforms) = preSolution
		Debug|Any CPU = Debug|Any CPU
		Release|Any CPU = Release|Any CPU
	EndGlobalSection
	GlobalSection(ProjectConfigurationPlatforms) = postSolution
		{CC9EF8B9-311F-0EFD-757E-6D83C1DF4970}.Debug|Any CPU.ActiveCfg = Debug|Any CPU
		{CC9EF8B9-311F-0EFD-757E-6D83C1DF4970}.Debug|Any CPU.Build.0 = Debug|Any CPU
		{CC9EF8B9-311F-0EFD-757E-6D83C1DF4970}.Release|Any CPU.ActiveCfg = Release|Any CPU
		{CC9EF8B9-311F-0EFD-757E-6D83C1DF4970}.Release|Any CPU.Build.0 = Release|Any CPU
	EndGlobalSection
	GlobalSection(SolutionProperties) = preSolution
		HideSolutionNode = FALSE
	EndGlobalSection
EndGlobal
